// !$*UTF8*$!
{
	archiveVersion = 1;
	classes = {
	};
	objectVersion = 63;
	objects = {

/* Begin PBXBuildFile section */
		0A0000010000000000000001 /* AITRANSApp.swift in Sources */ = {isa = PBXBuildFile; fileRef = 0A0000010000000000000011 /* AITRANSApp.swift */; };
		0A0000010000000000000002 /* ContentView.swift in Sources */ = {isa = PBXBuildFile; fileRef = 0A0000010000000000000012 /* ContentView.swift */; };
		0A0000010000000000000003 /* TranscriptModels.swift in Sources */ = {isa = PBXBuildFile; fileRef = 0A0000010000000000000013 /* TranscriptModels.swift */; };
		0A0000010000000000000004 /* TranslationSessionStore.swift in Sources */ = {isa = PBXBuildFile; fileRef = 0A0000010000000000000014 /* TranslationSessionStore.swift */; };
		0A0000010000000000000005 /* MockGemmaService.swift in Sources */ = {isa = PBXBuildFile; fileRef = 0A0000010000000000000015 /* MockGemmaService.swift */; };
		0A0000010000000000000007 /* GemmaLocalService.swift in Sources */ = {isa = PBXBuildFile; fileRef = 0A0000010000000000000019 /* GemmaLocalService.swift */; };
		0A0000010000000000000008 /* AppTheme.swift in Sources */ = {isa = PBXBuildFile; fileRef = 0A000001000000000000001A /* AppTheme.swift */; };
		0A0000010000000000000009 /* ImageTranslationViews.swift in Sources */ = {isa = PBXBuildFile; fileRef = 0A000001000000000000001B /* ImageTranslationViews.swift */; };
		0A000001000000000000000A /* VisionOCRService.swift in Sources */ = {isa = PBXBuildFile; fileRef = 0A000001000000000000001C /* VisionOCRService.swift */; };
		0A00000100000000000000BE /* ImageOCRLayoutEngine.swift in Sources */ = {isa = PBXBuildFile; fileRef = 0A00000100000000000000BF /* ImageOCRLayoutEngine.swift */; };
		0A00000100000000000000C0 /* ImageOCRResultSummary.swift in Sources */ = {isa = PBXBuildFile; fileRef = 0A00000100000000000000C1 /* ImageOCRResultSummary.swift */; };
		0A00000100000000000000C2 /* ImageOCRReviewFilter.swift in Sources */ = {isa = PBXBuildFile; fileRef = 0A00000100000000000000C3 /* ImageOCRReviewFilter.swift */; };
		0A00000100000000000000C4 /* KoharuMaskPayloadEvaluator.swift in Sources */ = {isa = PBXBuildFile; fileRef = 0A00000100000000000000C5 /* KoharuMaskPayloadEvaluator.swift */; };
		0A00000100000000000000C6 /* ImagePreviewService.swift in Sources */ = {isa = PBXBuildFile; fileRef = 0A00000100000000000000C7 /* ImagePreviewService.swift */; };
		0A000001000000000000000B /* ProFeatureViews.swift in Sources */ = {isa = PBXBuildFile; fileRef = 0A000001000000000000001D /* ProFeatureViews.swift */; };
		0A000001000000000000000C /* LlamaRuntime.swift in Sources */ = {isa = PBXBuildFile; fileRef = 0A000001000000000000001E /* LlamaRuntime.swift */; };
		0A000001000000000000000D /* build-apple/llama.xcframework in Frameworks */ = {isa = PBXBuildFile; fileRef = 0A000001000000000000001F /* build-apple/llama.xcframework */; };
		0A000001000000000000000E /* build-apple/llama.xcframework in Embed Frameworks */ = {isa = PBXBuildFile; fileRef = 0A000001000000000000001F /* build-apple/llama.xcframework */; settings = {ATTRIBUTES = (CodeSignOnCopy, RemoveHeadersOnCopy, ); }; };
		0A000001000000000000000F /* Metal.framework in Frameworks */ = {isa = PBXBuildFile; fileRef = 0A0000010000000000000021 /* Metal.framework */; };
		0A0000010000000000000022 /* Accelerate.framework in Frameworks */ = {isa = PBXBuildFile; fileRef = 0A0000010000000000000023 /* Accelerate.framework */; };
		0A0000010000000000000025 /* LocalModelDownloadService.swift in Sources */ = {isa = PBXBuildFile; fileRef = 0A0000010000000000000026 /* LocalModelDownloadService.swift */; };
		0A0000010000000000000027 /* test in Resources */ = {isa = PBXBuildFile; fileRef = 0A0000010000000000000028 /* test */; };
		0A00000100000000000000B3 /* Assets.xcassets in Resources */ = {isa = PBXBuildFile; fileRef = 0A0000010000000000000016 /* Assets.xcassets */; };
		0A0000010000000000000029 /* MangaOverlayProbeService.swift in Sources */ = {isa = PBXBuildFile; fileRef = 0A000001000000000000002A /* MangaOverlayProbeService.swift */; };
		0A000001000000000000002C /* AppComponents.swift in Sources */ = {isa = PBXBuildFile; fileRef = 0A000001000000000000002B /* AppComponents.swift */; };
		0A00000100000000000000A2 /* TextTranslationView.swift in Sources */ = {isa = PBXBuildFile; fileRef = 0A00000100000000000000A1 /* TextTranslationView.swift */; };
		0A00000100000000000000A6 /* AudioTranslationView.swift in Sources */ = {isa = PBXBuildFile; fileRef = 0A00000100000000000000A5 /* AudioTranslationView.swift */; };
		0A00000100000000000000A8 /* HistoryView.swift in Sources */ = {isa = PBXBuildFile; fileRef = 0A00000100000000000000A7 /* HistoryView.swift */; };
		0A00000100000000000000AA /* PromptLibraryView.swift in Sources */ = {isa = PBXBuildFile; fileRef = 0A00000100000000000000A9 /* PromptLibraryView.swift */; };
		0A00000100000000000000AC /* SettingsView.swift in Sources */ = {isa = PBXBuildFile; fileRef = 0A00000100000000000000AB /* SettingsView.swift */; };
		0A00000100000000000000AE /* ModelManagementView.swift in Sources */ = {isa = PBXBuildFile; fileRef = 0A00000100000000000000AD /* ModelManagementView.swift */; };
		0A00000100000000000000B0 /* DeveloperConsoleView.swift in Sources */ = {isa = PBXBuildFile; fileRef = 0A00000100000000000000AF /* DeveloperConsoleView.swift */; };
		0A00000100000000000000B2 /* AppPreviewSupport.swift in Sources */ = {isa = PBXBuildFile; fileRef = 0A00000100000000000000B1 /* AppPreviewSupport.swift */; };
		0A00000100000000000000B5 /* TextWorkspaceBackground.swift in Sources */ = {isa = PBXBuildFile; fileRef = 0A00000100000000000000B4 /* TextWorkspaceBackground.swift */; };
		0A00000100000000000000B7 /* TextWorkspacePasteButton.swift in Sources */ = {isa = PBXBuildFile; fileRef = 0A00000100000000000000B6 /* TextWorkspacePasteButton.swift */; };
		0A00000100000000000000B8 /* SpeechQualityModels.swift in Sources */ = {isa = PBXBuildFile; fileRef = 0A00000100000000000000B9 /* SpeechQualityModels.swift */; };
		0A00000100000000000000BA /* SpeechQualityEvaluator.swift in Sources */ = {isa = PBXBuildFile; fileRef = 0A00000100000000000000BB /* SpeechQualityEvaluator.swift */; };
		0A00000100000000000000BC /* SpeechQualityProbeService.swift in Sources */ = {isa = PBXBuildFile; fileRef = 0A00000100000000000000BD /* SpeechQualityProbeService.swift */; };
		0A00000100000000000000C8 /* MangaOCRService.swift in Sources */ = {isa = PBXBuildFile; fileRef = 0A00000100000000000000C9 /* MangaOCRService.swift */; };
		0A00000100000000000000CA /* MangaOCREncoderINT8.mlpackage in Resources */ = {isa = PBXBuildFile; fileRef = 0A00000100000000000000CB /* MangaOCREncoderINT8.mlpackage */; };
		0A00000100000000000000CC /* MangaOCRDecoderINT8.mlpackage in Resources */ = {isa = PBXBuildFile; fileRef = 0A00000100000000000000CD /* MangaOCRDecoderINT8.mlpackage */; };
		0A00000100000000000000CE /* MangaOCRVocab.txt in Resources */ = {isa = PBXBuildFile; fileRef = 0A00000100000000000000CF /* MangaOCRVocab.txt */; };
		0A00000100000000000000D0 /* LICENSE-APACHE in Resources */ = {isa = PBXBuildFile; fileRef = 0A00000100000000000000D1 /* LICENSE-APACHE */; };
		0A00000100000000000000D2 /* NOTICE.md in Resources */ = {isa = PBXBuildFile; fileRef = 0A00000100000000000000D3 /* NOTICE.md */; };
		0A00000100000000000000E0 /* MangaOCREncoderINT8Batch.mlpackage in Resources */ = {isa = PBXBuildFile; fileRef = 0A00000100000000000000E1 /* MangaOCREncoderINT8Batch.mlpackage */; };
		0A00000100000000000000E2 /* MangaOCRDecoderINT8Batch.mlpackage in Resources */ = {isa = PBXBuildFile; fileRef = 0A00000100000000000000E3 /* MangaOCRDecoderINT8Batch.mlpackage */; };
		0A00000100000000000000D6 /* ComicTextBubbleDetectorService.swift in Sources */ = {isa = PBXBuildFile; fileRef = 0A00000100000000000000D5 /* ComicTextBubbleDetectorService.swift */; };
		0A00000100000000000000E4 /* ImageOCRProvenance.swift in Sources */ = {isa = PBXBuildFile; fileRef = 0A00000100000000000000E5 /* ImageOCRProvenance.swift */; };
		0A00000100000000000000E6 /* LocalModelPromptProfile.swift in Sources */ = {isa = PBXBuildFile; fileRef = 0A00000100000000000000E7 /* LocalModelPromptProfile.swift */; };
		0A00000100000000000000E8 /* TranslationContextQuality.swift in Sources */ = {isa = PBXBuildFile; fileRef = 0A00000100000000000000E9 /* TranslationContextQuality.swift */; };
		0A00000100000000000000F2 /* JapaneseOCRTextNormalizer.swift in Sources */ = {isa = PBXBuildFile; fileRef = 0A00000100000000000000F3 /* JapaneseOCRTextNormalizer.swift */; };
		0A00000100000000000000EA /* ImageOCRProvenanceDisclosureView.swift in Sources */ = {isa = PBXBuildFile; fileRef = 0A00000100000000000000EB /* ImageOCRProvenanceDisclosureView.swift */; };
		0A00000100000000000000EC /* ImageOCRGeometryEditor.swift in Sources */ = {isa = PBXBuildFile; fileRef = 0A00000100000000000000ED /* ImageOCRGeometryEditor.swift */; };
		0A00000100000000000000EE /* ImageOCRBlockStructureEditor.swift in Sources */ = {isa = PBXBuildFile; fileRef = 0A00000100000000000000EF /* ImageOCRBlockStructureEditor.swift */; };
		0A00000100000000000000F1 /* ImageTranslationRenderSafety.swift in Sources */ = {isa = PBXBuildFile; fileRef = 0A00000100000000000000F0 /* ImageTranslationRenderSafety.swift */; };
		0A00000100000000000000D8 /* ComicTextBubbleDetectorINT8.mlpackage in Resources */ = {isa = PBXBuildFile; fileRef = 0A00000100000000000000D7 /* ComicTextBubbleDetectorINT8.mlpackage */; };
		0A00000100000000000000DA /* ComicTextDetector-LICENSE-APACHE in Resources */ = {isa = PBXBuildFile; fileRef = 0A00000100000000000000D9 /* ComicTextDetector-LICENSE-APACHE */; };
		0A00000100000000000000DC /* ComicTextDetector-NOTICE.md in Resources */ = {isa = PBXBuildFile; fileRef = 0A00000100000000000000DB /* ComicTextDetector-NOTICE.md */; };
		0A00000100000000000000DE /* conversion.json in Resources */ = {isa = PBXBuildFile; fileRef = 0A00000100000000000000DD /* conversion.json */; };
/* End PBXBuildFile section */

/* Begin PBXCopyFilesBuildPhase section */
		0A0000010000000000000024 /* Embed Frameworks */ = {
			isa = PBXCopyFilesBuildPhase;
			buildActionMask = 2147483647;
			dstPath = "";
			dstSubfolderSpec = 10;
			files = (
				0A000001000000000000000E /* build-apple/llama.xcframework in Embed Frameworks */,
			);
			name = "Embed Frameworks";
			runOnlyForDeploymentPostprocessing = 0;
		};
/* End PBXCopyFilesBuildPhase section */

/* Begin PBXFileReference section */
		0A0000010000000000000010 /* AITRANS.app */ = {isa = PBXFileReference; explicitFileType = wrapper.application; includeInIndex = 0; path = AITRANS.app; sourceTree = BUILT_PRODUCTS_DIR; };
		0A0000010000000000000011 /* AITRANSApp.swift */ = {isa = PBXFileReference; lastKnownFileType = sourcecode.swift; path = AITRANSApp.swift; sourceTree = "<group>"; };
		0A0000010000000000000012 /* ContentView.swift */ = {isa = PBXFileReference; lastKnownFileType = sourcecode.swift; path = ContentView.swift; sourceTree = "<group>"; };
		0A0000010000000000000013 /* TranscriptModels.swift */ = {isa = PBXFileReference; lastKnownFileType = sourcecode.swift; path = TranscriptModels.swift; sourceTree = "<group>"; };
		0A0000010000000000000014 /* TranslationSessionStore.swift */ = {isa = PBXFileReference; lastKnownFileType = sourcecode.swift; path = TranslationSessionStore.swift; sourceTree = "<group>"; };
		0A0000010000000000000015 /* MockGemmaService.swift */ = {isa = PBXFileReference; lastKnownFileType = sourcecode.swift; path = MockGemmaService.swift; sourceTree = "<group>"; };
		0A0000010000000000000016 /* Assets.xcassets */ = {isa = PBXFileReference; lastKnownFileType = folder.assetcatalog; path = Assets.xcassets; sourceTree = "<group>"; };
		0A0000010000000000000017 /* Info.plist */ = {isa = PBXFileReference; lastKnownFileType = text.plist.xml; path = Info.plist; sourceTree = "<group>"; };
		0A0000010000000000000018 /* README.md */ = {isa = PBXFileReference; lastKnownFileType = net.daringfireball.markdown; path = README.md; sourceTree = SOURCE_ROOT; };
		0A0000010000000000000019 /* GemmaLocalService.swift */ = {isa = PBXFileReference; lastKnownFileType = sourcecode.swift; path = GemmaLocalService.swift; sourceTree = "<group>"; };
		0A000001000000000000001A /* AppTheme.swift */ = {isa = PBXFileReference; lastKnownFileType = sourcecode.swift; path = AppTheme.swift; sourceTree = "<group>"; };
		0A000001000000000000001B /* ImageTranslationViews.swift */ = {isa = PBXFileReference; lastKnownFileType = sourcecode.swift; path = ImageTranslationViews.swift; sourceTree = "<group>"; };
		0A000001000000000000001C /* VisionOCRService.swift */ = {isa = PBXFileReference; lastKnownFileType = sourcecode.swift; path = VisionOCRService.swift; sourceTree = "<group>"; };
		0A00000100000000000000BF /* ImageOCRLayoutEngine.swift */ = {isa = PBXFileReference; lastKnownFileType = sourcecode.swift; path = ImageOCRLayoutEngine.swift; sourceTree = "<group>"; };
		0A00000100000000000000C1 /* ImageOCRResultSummary.swift */ = {isa = PBXFileReference; lastKnownFileType = sourcecode.swift; path = ImageOCRResultSummary.swift; sourceTree = "<group>"; };
		0A00000100000000000000C3 /* ImageOCRReviewFilter.swift */ = {isa = PBXFileReference; lastKnownFileType = sourcecode.swift; path = ImageOCRReviewFilter.swift; sourceTree = "<group>"; };
		0A00000100000000000000C5 /* KoharuMaskPayloadEvaluator.swift */ = {isa = PBXFileReference; lastKnownFileType = sourcecode.swift; path = KoharuMaskPayloadEvaluator.swift; sourceTree = "<group>"; };
		0A00000100000000000000C7 /* ImagePreviewService.swift */ = {isa = PBXFileReference; lastKnownFileType = sourcecode.swift; path = ImagePreviewService.swift; sourceTree = "<group>"; };
		0A000001000000000000001D /* ProFeatureViews.swift */ = {isa = PBXFileReference; lastKnownFileType = sourcecode.swift; path = ProFeatureViews.swift; sourceTree = "<group>"; };
		0A000001000000000000001E /* LlamaRuntime.swift */ = {isa = PBXFileReference; lastKnownFileType = sourcecode.swift; path = LlamaRuntime.swift; sourceTree = "<group>"; };
		0A000001000000000000001F /* build-apple/llama.xcframework */ = {isa = PBXFileReference; lastKnownFileType = wrapper.xcframework; path = "build-apple/llama.xcframework"; sourceTree = SOURCE_ROOT; };
		0A0000010000000000000021 /* Metal.framework */ = {isa = PBXFileReference; lastKnownFileType = wrapper.framework; name = Metal.framework; path = System/Library/Frameworks/Metal.framework; sourceTree = SDKROOT; };
		0A0000010000000000000023 /* Accelerate.framework */ = {isa = PBXFileReference; lastKnownFileType = wrapper.framework; name = Accelerate.framework; path = System/Library/Frameworks/Accelerate.framework; sourceTree = SDKROOT; };
		0A0000010000000000000026 /* LocalModelDownloadService.swift */ = {isa = PBXFileReference; lastKnownFileType = sourcecode.swift; path = LocalModelDownloadService.swift; sourceTree = "<group>"; };
		0A0000010000000000000028 /* test */ = {isa = PBXFileReference; lastKnownFileType = folder; path = test; sourceTree = SOURCE_ROOT; };
		0A000001000000000000002A /* MangaOverlayProbeService.swift */ = {isa = PBXFileReference; lastKnownFileType = sourcecode.swift; path = MangaOverlayProbeService.swift; sourceTree = "<group>"; };
		0A000001000000000000002B /* AppComponents.swift */ = {isa = PBXFileReference; lastKnownFileType = sourcecode.swift; path = AppComponents.swift; sourceTree = "<group>"; };
		0A00000100000000000000A1 /* TextTranslationView.swift */ = {isa = PBXFileReference; lastKnownFileType = sourcecode.swift; path = TextTranslationView.swift; sourceTree = "<group>"; };
		0A00000100000000000000A5 /* AudioTranslationView.swift */ = {isa = PBXFileReference; lastKnownFileType = sourcecode.swift; path = AudioTranslationView.swift; sourceTree = "<group>"; };
		0A00000100000000000000A7 /* HistoryView.swift */ = {isa = PBXFileReference; lastKnownFileType = sourcecode.swift; path = HistoryView.swift; sourceTree = "<group>"; };
		0A00000100000000000000A9 /* PromptLibraryView.swift */ = {isa = PBXFileReference; lastKnownFileType = sourcecode.swift; path = PromptLibraryView.swift; sourceTree = "<group>"; };
		0A00000100000000000000AB /* SettingsView.swift */ = {isa = PBXFileReference; lastKnownFileType = sourcecode.swift; path = SettingsView.swift; sourceTree = "<group>"; };
		0A00000100000000000000AD /* ModelManagementView.swift */ = {isa = PBXFileReference; lastKnownFileType = sourcecode.swift; path = ModelManagementView.swift; sourceTree = "<group>"; };
		0A00000100000000000000AF /* DeveloperConsoleView.swift */ = {isa = PBXFileReference; lastKnownFileType = sourcecode.swift; path = DeveloperConsoleView.swift; sourceTree = "<group>"; };
		0A00000100000000000000B1 /* AppPreviewSupport.swift */ = {isa = PBXFileReference; lastKnownFileType = sourcecode.swift; path = AppPreviewSupport.swift; sourceTree = "<group>"; };
		0A00000100000000000000B4 /* TextWorkspaceBackground.swift */ = {isa = PBXFileReference; lastKnownFileType = sourcecode.swift; path = TextWorkspaceBackground.swift; sourceTree = "<group>"; };
		0A00000100000000000000B6 /* TextWorkspacePasteButton.swift */ = {isa = PBXFileReference; lastKnownFileType = sourcecode.swift; path = TextWorkspacePasteButton.swift; sourceTree = "<group>"; };
		0A00000100000000000000B9 /* SpeechQualityModels.swift */ = {isa = PBXFileReference; lastKnownFileType = sourcecode.swift; path = SpeechQualityModels.swift; sourceTree = "<group>"; };
		0A00000100000000000000BB /* SpeechQualityEvaluator.swift */ = {isa = PBXFileReference; lastKnownFileType = sourcecode.swift; path = SpeechQualityEvaluator.swift; sourceTree = "<group>"; };
		0A00000100000000000000BD /* SpeechQualityProbeService.swift */ = {isa = PBXFileReference; lastKnownFileType = sourcecode.swift; path = SpeechQualityProbeService.swift; sourceTree = "<group>"; };
		0A00000100000000000000C9 /* MangaOCRService.swift */ = {isa = PBXFileReference; lastKnownFileType = sourcecode.swift; path = MangaOCRService.swift; sourceTree = "<group>"; };
		0A00000100000000000000CB /* MangaOCREncoderINT8.mlpackage */ = {isa = PBXFileReference; lastKnownFileType = folder.mlpackage; path = MangaOCREncoderINT8.mlpackage; sourceTree = "<group>"; };
		0A00000100000000000000CD /* MangaOCRDecoderINT8.mlpackage */ = {isa = PBXFileReference; lastKnownFileType = folder.mlpackage; path = MangaOCRDecoderINT8.mlpackage; sourceTree = "<group>"; };
		0A00000100000000000000CF /* MangaOCRVocab.txt */ = {isa = PBXFileReference; lastKnownFileType = text; path = MangaOCRVocab.txt; sourceTree = "<group>"; };
		0A00000100000000000000D1 /* LICENSE-APACHE */ = {isa = PBXFileReference; lastKnownFileType = text; path = "LICENSE-APACHE"; sourceTree = "<group>"; };
		0A00000100000000000000D3 /* NOTICE.md */ = {isa = PBXFileReference; lastKnownFileType = net.daringfireball.markdown; path = NOTICE.md; sourceTree = "<group>"; };
		0A00000100000000000000E1 /* MangaOCREncoderINT8Batch.mlpackage */ = {isa = PBXFileReference; lastKnownFileType = folder.mlpackage; path = MangaOCREncoderINT8Batch.mlpackage; sourceTree = "<group>"; };
		0A00000100000000000000E3 /* MangaOCRDecoderINT8Batch.mlpackage */ = {isa = PBXFileReference; lastKnownFileType = folder.mlpackage; path = MangaOCRDecoderINT8Batch.mlpackage; sourceTree = "<group>"; };
		0A00000100000000000000D5 /* ComicTextBubbleDetectorService.swift */ = {isa = PBXFileReference; lastKnownFileType = sourcecode.swift; path = ComicTextBubbleDetectorService.swift; sourceTree = "<group>"; };
		0A00000100000000000000E5 /* ImageOCRProvenance.swift */ = {isa = PBXFileReference; lastKnownFileType = sourcecode.swift; path = ImageOCRProvenance.swift; sourceTree = "<group>"; };
		0A00000100000000000000E7 /* LocalModelPromptProfile.swift */ = {isa = PBXFileReference; lastKnownFileType = sourcecode.swift; path = LocalModelPromptProfile.swift; sourceTree = "<group>"; };
		0A00000100000000000000E9 /* TranslationContextQuality.swift */ = {isa = PBXFileReference; lastKnownFileType = sourcecode.swift; path = TranslationContextQuality.swift; sourceTree = "<group>"; };
		0A00000100000000000000F3 /* JapaneseOCRTextNormalizer.swift */ = {isa = PBXFileReference; lastKnownFileType = sourcecode.swift; path = JapaneseOCRTextNormalizer.swift; sourceTree = "<group>"; };
		0A00000100000000000000EB /* ImageOCRProvenanceDisclosureView.swift */ = {isa = PBXFileReference; lastKnownFileType = sourcecode.swift; path = ImageOCRProvenanceDisclosureView.swift; sourceTree = "<group>"; };
		0A00000100000000000000ED /* ImageOCRGeometryEditor.swift */ = {isa = PBXFileReference; lastKnownFileType = sourcecode.swift; path = ImageOCRGeometryEditor.swift; sourceTree = "<group>"; };
		0A00000100000000000000EF /* ImageOCRBlockStructureEditor.swift */ = {isa = PBXFileReference; lastKnownFileType = sourcecode.swift; path = ImageOCRBlockStructureEditor.swift; sourceTree = "<group>"; };
		0A00000100000000000000F0 /* ImageTranslationRenderSafety.swift */ = {isa = PBXFileReference; lastKnownFileType = sourcecode.swift; path = ImageTranslationRenderSafety.swift; sourceTree = "<group>"; };
		0A00000100000000000000D7 /* ComicTextBubbleDetectorINT8.mlpackage */ = {isa = PBXFileReference; lastKnownFileType = folder.mlpackage; path = ComicTextBubbleDetectorINT8.mlpackage; sourceTree = "<group>"; };
		0A00000100000000000000D9 /* ComicTextDetector-LICENSE-APACHE */ = {isa = PBXFileReference; lastKnownFileType = text; path = "ComicTextDetector-LICENSE-APACHE"; sourceTree = "<group>"; };
		0A00000100000000000000DB /* ComicTextDetector-NOTICE.md */ = {isa = PBXFileReference; lastKnownFileType = net.daringfireball.markdown; path = "ComicTextDetector-NOTICE.md"; sourceTree = "<group>"; };
		0A00000100000000000000DD /* conversion.json */ = {isa = PBXFileReference; lastKnownFileType = text.json; path = conversion.json; sourceTree = "<group>"; };
/* End PBXFileReference section */

/* Begin PBXFrameworksBuildPhase section */
		0A0000010000000000000020 /* Frameworks */ = {
			isa = PBXFrameworksBuildPhase;
			buildActionMask = 2147483647;
			files = (
				0A000001000000000000000F /* Metal.framework in Frameworks */,
				0A0000010000000000000022 /* Accelerate.framework in Frameworks */,
				0A000001000000000000000D /* build-apple/llama.xcframework in Frameworks */,
			);
			runOnlyForDeploymentPostprocessing = 0;
		};
/* End PBXFrameworksBuildPhase section */

/* Begin PBXGroup section */
		0A0000010000000000000030 = {
			isa = PBXGroup;
			children = (
				0A0000010000000000000031 /* AITRANS */,
				0A0000010000000000000018 /* README.md */,
				0A0000010000000000000028 /* test */,
				0A0000010000000000000038 /* Frameworks */,
				0A0000010000000000000032 /* Products */,
			);
			sourceTree = "<group>";
		};
		0A0000010000000000000031 /* AITRANS */ = {
			isa = PBXGroup;
			children = (
				0A0000010000000000000033 /* App */,
				0A0000010000000000000034 /* Models */,
				0A0000010000000000000035 /* Services */,
				0A0000010000000000000036 /* Views */,
				0A0000010000000000000037 /* Resources */,
			);
			path = AITRANS;
			sourceTree = "<group>";
		};
		0A0000010000000000000032 /* Products */ = {
			isa = PBXGroup;
			children = (
				0A0000010000000000000010 /* AITRANS.app */,
			);
			name = Products;
			sourceTree = "<group>";
		};
		0A0000010000000000000033 /* App */ = {
			isa = PBXGroup;
			children = (
				0A0000010000000000000011 /* AITRANSApp.swift */,
			);
			path = App;
			sourceTree = "<group>";
		};
		0A0000010000000000000034 /* Models */ = {
			isa = PBXGroup;
			children = (
				0A00000100000000000000E5 /* ImageOCRProvenance.swift */,
				0A00000100000000000000E7 /* LocalModelPromptProfile.swift */,
				0A00000100000000000000E9 /* TranslationContextQuality.swift */,
				0A00000100000000000000F3 /* JapaneseOCRTextNormalizer.swift */,
				0A00000100000000000000F0 /* ImageTranslationRenderSafety.swift */,
				0A0000010000000000000013 /* TranscriptModels.swift */,
				0A00000100000000000000C1 /* ImageOCRResultSummary.swift */,
				0A00000100000000000000C3 /* ImageOCRReviewFilter.swift */,
				0A00000100000000000000C5 /* KoharuMaskPayloadEvaluator.swift */,
				0A00000100000000000000B9 /* SpeechQualityModels.swift */,
			);
			path = Models;
			sourceTree = "<group>";
		};
		0A0000010000000000000035 /* Services */ = {
			isa = PBXGroup;
			children = (
				0A0000010000000000000014 /* TranslationSessionStore.swift */,
				0A00000100000000000000C7 /* ImagePreviewService.swift */,
				0A00000100000000000000BF /* ImageOCRLayoutEngine.swift */,
				0A000001000000000000001C /* VisionOCRService.swift */,
				0A00000100000000000000C9 /* MangaOCRService.swift */,
				0A00000100000000000000D5 /* ComicTextBubbleDetectorService.swift */,
				0A0000010000000000000015 /* MockGemmaService.swift */,
				0A0000010000000000000019 /* GemmaLocalService.swift */,
				0A000001000000000000001E /* LlamaRuntime.swift */,
				0A0000010000000000000026 /* LocalModelDownloadService.swift */,
				0A000001000000000000002A /* MangaOverlayProbeService.swift */,
				0A00000100000000000000BB /* SpeechQualityEvaluator.swift */,
				0A00000100000000000000BD /* SpeechQualityProbeService.swift */,
			);
			path = Services;
			sourceTree = "<group>";
		};
		0A0000010000000000000036 /* Views */ = {
			isa = PBXGroup;
			children = (
				0A00000100000000000000EB /* ImageOCRProvenanceDisclosureView.swift */,
				0A00000100000000000000ED /* ImageOCRGeometryEditor.swift */,
				0A00000100000000000000EF /* ImageOCRBlockStructureEditor.swift */,
				0A000001000000000000001A /* AppTheme.swift */,
				0A000001000000000000002B /* AppComponents.swift */,
				0A0000010000000000000012 /* ContentView.swift */,
				0A00000100000000000000A1 /* TextTranslationView.swift */,
				0A00000100000000000000B4 /* TextWorkspaceBackground.swift */,
				0A00000100000000000000B6 /* TextWorkspacePasteButton.swift */,
				0A00000100000000000000A5 /* AudioTranslationView.swift */,
				0A00000100000000000000A7 /* HistoryView.swift */,
				0A00000100000000000000A9 /* PromptLibraryView.swift */,
				0A00000100000000000000AB /* SettingsView.swift */,
				0A00000100000000000000AD /* ModelManagementView.swift */,
				0A00000100000000000000AF /* DeveloperConsoleView.swift */,
				0A00000100000000000000B1 /* AppPreviewSupport.swift */,
				0A000001000000000000001B /* ImageTranslationViews.swift */,
				0A000001000000000000001D /* ProFeatureViews.swift */,
			);
			path = Views;
			sourceTree = "<group>";
		};
		0A0000010000000000000037 /* Resources */ = {
			isa = PBXGroup;
			children = (
				0A0000010000000000000016 /* Assets.xcassets */,
				0A0000010000000000000017 /* Info.plist */,
				0A00000100000000000000D4 /* MangaOCR */,
				0A00000100000000000000DF /* ComicTextDetector */,
			);
			path = Resources;
			sourceTree = "<group>";
		};
		0A00000100000000000000D4 /* MangaOCR */ = {
			isa = PBXGroup;
			children = (
				0A00000100000000000000CB /* MangaOCREncoderINT8.mlpackage */,
				0A00000100000000000000CD /* MangaOCRDecoderINT8.mlpackage */,
				0A00000100000000000000E1 /* MangaOCREncoderINT8Batch.mlpackage */,
				0A00000100000000000000E3 /* MangaOCRDecoderINT8Batch.mlpackage */,
				0A00000100000000000000CF /* MangaOCRVocab.txt */,
				0A00000100000000000000D1 /* LICENSE-APACHE */,
				0A00000100000000000000D3 /* NOTICE.md */,
			);
			path = MangaOCR;
			sourceTree = "<group>";
		};
		0A00000100000000000000DF /* ComicTextDetector */ = {
			isa = PBXGroup;
			children = (
				0A00000100000000000000D7 /* ComicTextBubbleDetectorINT8.mlpackage */,
				0A00000100000000000000D9 /* ComicTextDetector-LICENSE-APACHE */,
				0A00000100000000000000DB /* ComicTextDetector-NOTICE.md */,
				0A00000100000000000000DD /* conversion.json */,
			);
			path = ComicTextDetector;
			sourceTree = "<group>";
		};
		0A0000010000000000000038 /* Frameworks */ = {
			isa = PBXGroup;
			children = (
				0A000001000000000000001F /* build-apple/llama.xcframework */,
				0A0000010000000000000021 /* Metal.framework */,
				0A0000010000000000000023 /* Accelerate.framework */,
			);
			name = Frameworks;
			sourceTree = "<group>";
		};
/* End PBXGroup section */

/* Begin PBXNativeTarget section */
		0A0000010000000000000040 /* AITRANS */ = {
			isa = PBXNativeTarget;
			buildConfigurationList = 0A0000010000000000000090 /* Build configuration list for PBXNativeTarget "AITRANS" */;
			buildPhases = (
				0A0000010000000000000050 /* Sources */,
				0A0000010000000000000020 /* Frameworks */,
				0A0000010000000000000060 /* Resources */,
				0A0000010000000000000024 /* Embed Frameworks */,
			);
			buildRules = (
			);
			dependencies = (
			);
			name = AITRANS;
			productName = AITRANS;
			productReference = 0A0000010000000000000010 /* AITRANS.app */;
			productType = "com.apple.product-type.application";
		};
/* End PBXNativeTarget section */

/* Begin PBXProject section */
		0A0000010000000000000070 /* Project object */ = {
			isa = PBXProject;
			attributes = {
				BuildIndependentTargetsInParallel = 1;
				LastSwiftUpdateCheck = 2650;
				LastUpgradeCheck = 2650;
				TargetAttributes = {
					0A0000010000000000000040 = {
						CreatedOnToolsVersion = 26.5;
					};
				};
			};
			buildConfigurationList = 0A0000010000000000000080 /* Build configuration list for PBXProject "AITRANS" */;
			compatibilityVersion = "Xcode 15.0";
			developmentRegion = en;
			hasScannedForEncodings = 0;
			knownRegions = (
				en,
				Base,
				"zh-Hans",
			);
			mainGroup = 0A0000010000000000000030;
			minimizedProjectReferenceProxies = 1;
			productRefGroup = 0A0000010000000000000032 /* Products */;
			projectDirPath = "";
			projectRoot = "";
			targets = (
				0A0000010000000000000040 /* AITRANS */,
			);
		};
/* End PBXProject section */

/* Begin PBXResourcesBuildPhase section */
		0A0000010000000000000060 /* Resources */ = {
			isa = PBXResourcesBuildPhase;
			buildActionMask = 2147483647;
			files = (
				0A00000100000000000000B3 /* Assets.xcassets in Resources */,
				0A0000010000000000000027 /* test in Resources */,
				0A00000100000000000000CA /* MangaOCREncoderINT8.mlpackage in Resources */,
				0A00000100000000000000CC /* MangaOCRDecoderINT8.mlpackage in Resources */,
				0A00000100000000000000E0 /* MangaOCREncoderINT8Batch.mlpackage in Resources */,
				0A00000100000000000000E2 /* MangaOCRDecoderINT8Batch.mlpackage in Resources */,
				0A00000100000000000000CE /* MangaOCRVocab.txt in Resources */,
				0A00000100000000000000D0 /* LICENSE-APACHE in Resources */,
				0A00000100000000000000D2 /* NOTICE.md in Resources */,
				0A00000100000000000000D8 /* ComicTextBubbleDetectorINT8.mlpackage in Resources */,
				0A00000100000000000000DA /* ComicTextDetector-LICENSE-APACHE in Resources */,
				0A00000100000000000000DC /* ComicTextDetector-NOTICE.md in Resources */,
				0A00000100000000000000DE /* conversion.json in Resources */,
			);
			runOnlyForDeploymentPostprocessing = 0;
		};
/* End PBXResourcesBuildPhase section */

/* Begin PBXSourcesBuildPhase section */
		0A0000010000000000000050 /* Sources */ = {
			isa = PBXSourcesBuildPhase;
			buildActionMask = 2147483647;
			files = (
				0A0000010000000000000001 /* AITRANSApp.swift in Sources */,
				0A0000010000000000000002 /* ContentView.swift in Sources */,
				0A00000100000000000000E4 /* ImageOCRProvenance.swift in Sources */,
				0A00000100000000000000E6 /* LocalModelPromptProfile.swift in Sources */,
				0A00000100000000000000E8 /* TranslationContextQuality.swift in Sources */,
				0A00000100000000000000F2 /* JapaneseOCRTextNormalizer.swift in Sources */,
				0A0000010000000000000003 /* TranscriptModels.swift in Sources */,
				0A0000010000000000000004 /* TranslationSessionStore.swift in Sources */,
				0A0000010000000000000005 /* MockGemmaService.swift in Sources */,
				0A0000010000000000000007 /* GemmaLocalService.swift in Sources */,
				0A0000010000000000000008 /* AppTheme.swift in Sources */,
				0A0000010000000000000009 /* ImageTranslationViews.swift in Sources */,
				0A00000100000000000000EA /* ImageOCRProvenanceDisclosureView.swift in Sources */,
				0A00000100000000000000EC /* ImageOCRGeometryEditor.swift in Sources */,
				0A00000100000000000000EE /* ImageOCRBlockStructureEditor.swift in Sources */,
				0A00000100000000000000F1 /* ImageTranslationRenderSafety.swift in Sources */,
				0A00000100000000000000BE /* ImageOCRLayoutEngine.swift in Sources */,
				0A00000100000000000000C0 /* ImageOCRResultSummary.swift in Sources */,
				0A00000100000000000000C2 /* ImageOCRReviewFilter.swift in Sources */,
				0A00000100000000000000C4 /* KoharuMaskPayloadEvaluator.swift in Sources */,
				0A00000100000000000000C6 /* ImagePreviewService.swift in Sources */,
				0A000001000000000000000A /* VisionOCRService.swift in Sources */,
				0A000001000000000000000B /* ProFeatureViews.swift in Sources */,
				0A000001000000000000000C /* LlamaRuntime.swift in Sources */,
				0A0000010000000000000025 /* LocalModelDownloadService.swift in Sources */,
				0A0000010000000000000029 /* MangaOverlayProbeService.swift in Sources */,
				0A000001000000000000002C /* AppComponents.swift in Sources */,
				0A00000100000000000000A2 /* TextTranslationView.swift in Sources */,
				0A00000100000000000000A6 /* AudioTranslationView.swift in Sources */,
				0A00000100000000000000A8 /* HistoryView.swift in Sources */,
				0A00000100000000000000AA /* PromptLibraryView.swift in Sources */,
				0A00000100000000000000AC /* SettingsView.swift in Sources */,
				0A00000100000000000000AE /* ModelManagementView.swift in Sources */,
				0A00000100000000000000B0 /* DeveloperConsoleView.swift in Sources */,
				0A00000100000000000000B2 /* AppPreviewSupport.swift in Sources */,
				0A00000100000000000000B5 /* TextWorkspaceBackground.swift in Sources */,
				0A00000100000000000000B7 /* TextWorkspacePasteButton.swift in Sources */,
				0A00000100000000000000B8 /* SpeechQualityModels.swift in Sources */,
				0A00000100000000000000BA /* SpeechQualityEvaluator.swift in Sources */,
				0A00000100000000000000BC /* SpeechQualityProbeService.swift in Sources */,
				0A00000100000000000000C8 /* MangaOCRService.swift in Sources */,
				0A00000100000000000000D6 /* ComicTextBubbleDetectorService.swift in Sources */,
			);
			runOnlyForDeploymentPostprocessing = 0;
		};
/* End PBXSourcesBuildPhase section */

/* Begin XCBuildConfiguration section */
		0A0000010000000000000081 /* Debug */ = {
			isa = XCBuildConfiguration;
			buildSettings = {
				ALWAYS_SEARCH_USER_PATHS = NO;
				ASSETCATALOG_COMPILER_GENERATE_SWIFT_ASSET_SYMBOL_EXTENSIONS = YES;
				CLANG_ANALYZER_NONNULL = YES;
				CLANG_ANALYZER_NUMBER_OBJECT_CONVERSION = YES_AGGRESSIVE;
				CLANG_CXX_LANGUAGE_STANDARD = "gnu++20";
				CLANG_ENABLE_MODULES = YES;
				CLANG_ENABLE_OBJC_ARC = YES;
				CLANG_ENABLE_OBJC_WEAK = YES;
				CLANG_WARN_BLOCK_CAPTURE_AUTORELEASING = YES;
				CLANG_WARN_BOOL_CONVERSION = YES;
				CLANG_WARN_COMMA = YES;
				CLANG_WARN_CONSTANT_CONVERSION = YES;
				CLANG_WARN_DEPRECATED_OBJC_IMPLEMENTATIONS = YES;
				CLANG_WARN_DIRECT_OBJC_ISA_USAGE = YES_ERROR;
				CLANG_WARN_DOCUMENTATION_COMMENTS = YES;
				CLANG_WARN_EMPTY_BODY = YES;
				CLANG_WARN_ENUM_CONVERSION = YES;
				CLANG_WARN_INFINITE_RECURSION = YES;
				CLANG_WARN_INT_CONVERSION = YES;
				CLANG_WARN_NON_LITERAL_NULL_CONVERSION = YES;
				CLANG_WARN_OBJC_IMPLICIT_RETAIN_SELF = YES;
				CLANG_WARN_OBJC_LITERAL_CONVERSION = YES;
				CLANG_WARN_OBJC_ROOT_CLASS = YES_ERROR;
				CLANG_WARN_QUOTED_INCLUDE_IN_FRAMEWORK_HEADER = YES;
				CLANG_WARN_RANGE_LOOP_ANALYSIS = YES;
				CLANG_WARN_STRICT_PROTOTYPES = YES;
				CLANG_WARN_SUSPICIOUS_MOVE = YES;
				COPY_PHASE_STRIP = NO;
				DEBUG_INFORMATION_FORMAT = dwarf;
				ENABLE_STRICT_OBJC_MSGSEND = YES;
				ENABLE_TESTABILITY = YES;
				ENABLE_USER_SCRIPT_SANDBOXING = YES;
				GCC_C_LANGUAGE_STANDARD = gnu17;
				GCC_DYNAMIC_NO_PIC = NO;
				GCC_NO_COMMON_BLOCKS = YES;
				GCC_OPTIMIZATION_LEVEL = 0;
				GCC_PREPROCESSOR_DEFINITIONS = (
					"DEBUG=1",
					"$(inherited)",
				);
				GCC_WARN_64_TO_32_BIT_CONVERSION = YES;
				GCC_WARN_ABOUT_RETURN_TYPE = YES_ERROR;
				GCC_WARN_UNDECLARED_SELECTOR = YES;
				GCC_WARN_UNINITIALIZED_AUTOS = YES_AGGRESSIVE;
				GCC_WARN_UNUSED_FUNCTION = YES;
				GCC_WARN_UNUSED_VARIABLE = YES;
				IPHONEOS_DEPLOYMENT_TARGET = 17.0;
				LOCALIZATION_PREFERS_STRING_CATALOGS = YES;
				MTL_ENABLE_DEBUG_INFO = INCLUDE_SOURCE;
				MTL_FAST_MATH = YES;
				ONLY_ACTIVE_ARCH = YES;
				SDKROOT = iphoneos;
				SWIFT_ACTIVE_COMPILATION_CONDITIONS = "DEBUG $(inherited)";
				SWIFT_OPTIMIZATION_LEVEL = "-Onone";
			};
			name = Debug;
		};
		0A0000010000000000000082 /* Release */ = {
			isa = XCBuildConfiguration;
			buildSettings = {
				ALWAYS_SEARCH_USER_PATHS = NO;
				ASSETCATALOG_COMPILER_GENERATE_SWIFT_ASSET_SYMBOL_EXTENSIONS = YES;
				CLANG_ANALYZER_NONNULL = YES;
				CLANG_ANALYZER_NUMBER_OBJECT_CONVERSION = YES_AGGRESSIVE;
				CLANG_CXX_LANGUAGE_STANDARD = "gnu++20";
				CLANG_ENABLE_MODULES = YES;
				CLANG_ENABLE_OBJC_ARC = YES;
				CLANG_ENABLE_OBJC_WEAK = YES;
				CLANG_WARN_BLOCK_CAPTURE_AUTORELEASING = YES;
				CLANG_WARN_BOOL_CONVERSION = YES;
				CLANG_WARN_COMMA = YES;
				CLANG_WARN_CONSTANT_CONVERSION = YES;
				CLANG_WARN_DEPRECATED_OBJC_IMPLEMENTATIONS = YES;
				CLANG_WARN_DIRECT_OBJC_ISA_USAGE = YES_ERROR;
				CLANG_WARN_DOCUMENTATION_COMMENTS = YES;
				CLANG_WARN_EMPTY_BODY = YES;
				CLANG_WARN_ENUM_CONVERSION = YES;
				CLANG_WARN_INFINITE_RECURSION = YES;
				CLANG_WARN_INT_CONVERSION = YES;
				CLANG_WARN_NON_LITERAL_NULL_CONVERSION = YES;
				CLANG_WARN_OBJC_IMPLICIT_RETAIN_SELF = YES;
				CLANG_WARN_OBJC_LITERAL_CONVERSION = YES;
				CLANG_WARN_OBJC_ROOT_CLASS = YES_ERROR;
				CLANG_WARN_QUOTED_INCLUDE_IN_FRAMEWORK_HEADER = YES;
				CLANG_WARN_RANGE_LOOP_ANALYSIS = YES;
				CLANG_WARN_STRICT_PROTOTYPES = YES;
				CLANG_WARN_SUSPICIOUS_MOVE = YES;
				COPY_PHASE_STRIP = NO;
				DEBUG_INFORMATION_FORMAT = "dwarf-with-dsym";
				ENABLE_NS_ASSERTIONS = NO;
				ENABLE_STRICT_OBJC_MSGSEND = YES;
				ENABLE_USER_SCRIPT_SANDBOXING = YES;
				GCC_C_LANGUAGE_STANDARD = gnu17;
				GCC_NO_COMMON_BLOCKS = YES;
				GCC_WARN_64_TO_32_BIT_CONVERSION = YES;
				GCC_WARN_ABOUT_RETURN_TYPE = YES_ERROR;
				GCC_WARN_UNDECLARED_SELECTOR = YES;
				GCC_WARN_UNINITIALIZED_AUTOS = YES_AGGRESSIVE;
				GCC_WARN_UNUSED_FUNCTION = YES;
				GCC_WARN_UNUSED_VARIABLE = YES;
				IPHONEOS_DEPLOYMENT_TARGET = 17.0;
				LOCALIZATION_PREFERS_STRING_CATALOGS = YES;
				MTL_ENABLE_DEBUG_INFO = NO;
				MTL_FAST_MATH = YES;
				SDKROOT = iphoneos;
				SWIFT_COMPILATION_MODE = wholemodule;
				SWIFT_OPTIMIZATION_LEVEL = "-O";
				VALIDATE_PRODUCT = YES;
			};
			name = Release;
		};
		0A0000010000000000000091 /* Debug */ = {
			isa = XCBuildConfiguration;
			buildSettings = {
				CODE_SIGN_STYLE = Automatic;
				CURRENT_PROJECT_VERSION = 1;
				DEVELOPMENT_ASSET_PATHS = "";
				DEVELOPMENT_TEAM = C9YV46L3GA;
				ENABLE_PREVIEWS = YES;
				"EXCLUDED_ARCHS[sdk=iphonesimulator*]" = x86_64;
				GENERATE_INFOPLIST_FILE = NO;
				INFOPLIST_FILE = AITRANS/Resources/Info.plist;
				IPHONEOS_DEPLOYMENT_TARGET = 17.0;
				LD_RUNPATH_SEARCH_PATHS = (
					"$(inherited)",
					"@executable_path/Frameworks",
				);
				MARKETING_VERSION = 3.326;
				PRODUCT_BUNDLE_IDENTIFIER = com.local.aitransform114;
				PRODUCT_NAME = "$(TARGET_NAME)";
				SUPPORTED_PLATFORMS = "iphoneos iphonesimulator";
				SUPPORTS_MACCATALYST = NO;
				SWIFT_EMIT_LOC_STRINGS = YES;
				SWIFT_VERSION = 6.0;
				TARGETED_DEVICE_FAMILY = "1,2";
			};
			name = Debug;
		};
		0A0000010000000000000092 /* Release */ = {
			isa = XCBuildConfiguration;
			buildSettings = {
				CODE_SIGN_STYLE = Automatic;
				CURRENT_PROJECT_VERSION = 1;
				DEVELOPMENT_ASSET_PATHS = "";
				DEVELOPMENT_TEAM = C9YV46L3GA;
				ENABLE_PREVIEWS = YES;
				"EXCLUDED_ARCHS[sdk=iphonesimulator*]" = x86_64;
				GENERATE_INFOPLIST_FILE = NO;
				INFOPLIST_FILE = AITRANS/Resources/Info.plist;
				IPHONEOS_DEPLOYMENT_TARGET = 17.0;
				LD_RUNPATH_SEARCH_PATHS = (
					"$(inherited)",
					"@executable_path/Frameworks",
				);
				MARKETING_VERSION = 3.326;
				PRODUCT_BUNDLE_IDENTIFIER = com.local.aitransform114;
				PRODUCT_NAME = "$(TARGET_NAME)";
				SUPPORTED_PLATFORMS = "iphoneos iphonesimulator";
				SUPPORTS_MACCATALYST = NO;
				SWIFT_EMIT_LOC_STRINGS = YES;
				SWIFT_VERSION = 6.0;
				TARGETED_DEVICE_FAMILY = "1,2";
			};
			name = Release;
		};
/* End XCBuildConfiguration section */

/* Begin XCConfigurationList section */
		0A0000010000000000000080 /* Build configuration list for PBXProject "AITRANS" */ = {
			isa = XCConfigurationList;
			buildConfigurations = (
				0A0000010000000000000081 /* Debug */,
				0A0000010000000000000082 /* Release */,
			);
			defaultConfigurationIsVisible = 0;
			defaultConfigurationName = Release;
		};
		0A0000010000000000000090 /* Build configuration list for PBXNativeTarget "AITRANS" */ = {
			isa = XCConfigurationList;
			buildConfigurations = (
				0A0000010000000000000091 /* Debug */,
				0A0000010000000000000092 /* Release */,
			);
			defaultConfigurationIsVisible = 0;
			defaultConfigurationName = Release;
		};
/* End XCConfigurationList section */
	};
	rootObject = 0A0000010000000000000070 /* Project object */;
}
